
Microsoft Visual Studio Solution File, Format Version 12.00
# Visual Studio Version 17
VisualStudioVersion = 17.2.32616.157
MinimumVisualStudioVersion = 10.0.40219.1
Project("{9A19103F-16F7-4668-BE54-9A1E7A4F7556}") = "BoredApi", "BoredApi.csproj", "{69FC6B52-5BF2-45BC-82E8-601DFFAE0E75}"
EndProject
Project("{FAE04EC0-301F-11D3-BF4B-00C04F79EFBC}") = "BoredApi.Test", "BoredApi.Test\BoredApi.Test.csproj", "{803AA7FA-26DA-4AD7-9502-ECB872EE1AEE}"
EndProject
Global
	GlobalSection(SolutionConfigurationPlatforms) = preSolution
		Debug|Any CPU = Debug|Any CPU
		Release|Any CPU = Release|Any CPU
	EndGlobalSection
	GlobalSection(ProjectConfigurationPlatforms) = postSolution
		{69FC6B52-5BF2-45BC-82E8-601DFFAE0E75}.Debug|Any CPU.ActiveCfg = Debug|Any CPU
		{69FC6B52-5BF2-45BC-82E8-601DFFAE0E75}.Debug|Any CPU.Build.0 = Debug|Any CPU
		{69FC6B52-5BF2-45BC-82E8-601DFFAE0E75}.Release|Any CPU.ActiveCfg = Release|Any CPU
		{69FC6B52-5BF2-45BC-82E8-601DFFAE0E75}.Release|Any CPU.Build.0 = Release|Any CPU
		{803AA7FA-26DA-4AD7-9502-ECB872EE1AEE}.Debug|Any CPU.ActiveCfg = Debug|Any CPU
		{803AA7FA-26DA-4AD7-9502-ECB872EE1AEE}.Debug|Any CPU.Build.0 = Debug|Any CPU
		{803AA7FA-26DA-4AD7-9502-ECB872EE1AEE}.Release|Any CPU.ActiveCfg = Release|Any CPU
		{803AA7FA-26DA-4AD7-9502-ECB872EE1AEE}.Release|Any CPU.Build.0 = Release|Any CPU
	EndGlobalSection
	GlobalSection(SolutionProperties) = preSolution
		HideSolutionNode = FALSE
	EndGlobalSection
	GlobalSection(ExtensibilityGlobals) = postSolution
		SolutionGuid = {C201CFE7-631C-4A1E-B242-600E20DA8699}
	EndGlobalSection
EndGlobal
